
Microsoft Visual Studio Solution File, Format Version 12.00
# Visual Studio Version 17
VisualStudioVersion = 17.14.36327.8
MinimumVisualStudioVersion = 10.0.40219.1
Project("{FAE04EC0-301F-11D3-BF4B-00C04F79EFBC}") = "OrderService", "OrderService\OrderService.csproj", "{8029A312-62BB-4B45-88CA-176ADE0EDF2A}"
EndProject
Project("{FAE04EC0-301F-11D3-BF4B-00C04F79EFBC}") = "Test", "Test\Test.csproj", "{C3D221EE-6E02-4A51-A915-023816FC4179}"
EndProject
Global
	GlobalSection(SolutionConfigurationPlatforms) = preSolution
		Debug|Any CPU = Debug|Any CPU
		Release|Any CPU = Release|Any CPU
	EndGlobalSection
	GlobalSection(ProjectConfigurationPlatforms) = postSolution
		{8029A312-62BB-4B45-88CA-176ADE0EDF2A}.Debug|Any CPU.ActiveCfg = Debug|Any CPU
		{8029A312-62BB-4B45-88CA-176ADE0EDF2A}.Debug|Any CPU.Build.0 = Debug|Any CPU
		{8029A312-62BB-4B45-88CA-176ADE0EDF2A}.Release|Any CPU.ActiveCfg = Release|Any CPU
		{8029A312-62BB-4B45-88CA-176ADE0EDF2A}.Release|Any CPU.Build.0 = Release|Any CPU
		{C3D221EE-6E02-4A51-A915-023816FC4179}.Debug|Any CPU.ActiveCfg = Debug|Any CPU
		{C3D221EE-6E02-4A51-A915-023816FC4179}.Debug|Any CPU.Build.0 = Debug|Any CPU
		{C3D221EE-6E02-4A51-A915-023816FC4179}.Release|Any CPU.ActiveCfg = Release|Any CPU
		{C3D221EE-6E02-4A51-A915-023816FC4179}.Release|Any CPU.Build.0 = Release|Any CPU
	EndGlobalSection
	GlobalSection(SolutionProperties) = preSolution
		HideSolutionNode = FALSE
	EndGlobalSection
	GlobalSection(ExtensibilityGlobals) = postSolution
		SolutionGuid = {DEF996A9-BADB-4D06-8240-6A45EA2C8DD0}
	EndGlobalSection
EndGlobal
